
Microsoft Visual Studio Solution File, Format Version 12.00
# Visual Studio 15
VisualStudioVersion = 15.0.28010.2026
MinimumVisualStudioVersion = 10.0.40219.1
Project("{FAE04EC0-301F-11D3-BF4B-00C04F79EFBC}") = "AuditoriasCiudadanas", "AuditoriasCiudadanas\AuditoriasCiudadanas.csproj", "{595E08DB-A61D-4A3F-A78A-A0B5BEA1A83D}"
EndProject
Project("{FAE04EC0-301F-11D3-BF4B-00C04F79EFBC}") = "AuditoriasCiudadanas.Core", "AuditoriasCiudadanas.Core\AuditoriasCiudadanas.Core.csproj", "{8CACC2FD-FFE3-423D-8458-1EBF5DC3E39A}"
EndProject
Project("{FAE04EC0-301F-11D3-BF4B-00C04F79EFBC}") = "AuditoriasCiudadanas.Api", "AuditoriasCiudadanas.Api\AuditoriasCiudadanas.Api.csproj", "{8BDCC29D-3A4A-4F26-90E8-A3F9C10AB128}"
EndProject
Project("{FAE04EC0-301F-11D3-BF4B-00C04F79EFBC}") = "AuditoriasCiudadanas.Shared", "AuditoriasCiudadanas.Shared\AuditoriasCiudadanas.Shared.csproj", "{7DBCFBCF-F3B8-4DC6-94B6-E197AD7E9A3E}"
EndProject
Project("{2150E333-8FDC-42A3-9474-1A3956D46DE8}") = "WebServices", "WebServices", "{0F3A59FA-EC70-4F1D-A042-3AE7D3ABB226}"
EndProject
Project("{2150E333-8FDC-42A3-9474-1A3956D46DE8}") = "Shared", "Shared", "{444BB11A-2229-4F5D-9752-D90B1F198438}"
EndProject
Global
	GlobalSection(SolutionConfigurationPlatforms) = preSolution
		Debug|Any CPU = Debug|Any CPU
		Release|Any CPU = Release|Any CPU
	EndGlobalSection
	GlobalSection(ProjectConfigurationPlatforms) = postSolution
		{595E08DB-A61D-4A3F-A78A-A0B5BEA1A83D}.Debug|Any CPU.ActiveCfg = Debug|Any CPU
		{595E08DB-A61D-4A3F-A78A-A0B5BEA1A83D}.Debug|Any CPU.Build.0 = Debug|Any CPU
		{595E08DB-A61D-4A3F-A78A-A0B5BEA1A83D}.Release|Any CPU.ActiveCfg = Release|Any CPU
		{595E08DB-A61D-4A3F-A78A-A0B5BEA1A83D}.Release|Any CPU.Build.0 = Release|Any CPU
		{8CACC2FD-FFE3-423D-8458-1EBF5DC3E39A}.Debug|Any CPU.ActiveCfg = Debug|Any CPU
		{8CACC2FD-FFE3-423D-8458-1EBF5DC3E39A}.Debug|Any CPU.Build.0 = Debug|Any CPU
		{8CACC2FD-FFE3-423D-8458-1EBF5DC3E39A}.Release|Any CPU.ActiveCfg = Release|Any CPU
		{8CACC2FD-FFE3-423D-8458-1EBF5DC3E39A}.Release|Any CPU.Build.0 = Release|Any CPU
		{8BDCC29D-3A4A-4F26-90E8-A3F9C10AB128}.Debug|Any CPU.ActiveCfg = Debug|Any CPU
		{8BDCC29D-3A4A-4F26-90E8-A3F9C10AB128}.Debug|Any CPU.Build.0 = Debug|Any CPU
		{8BDCC29D-3A4A-4F26-90E8-A3F9C10AB128}.Release|Any CPU.ActiveCfg = Release|Any CPU
		{8BDCC29D-3A4A-4F26-90E8-A3F9C10AB128}.Release|Any CPU.Build.0 = Release|Any CPU
		{7DBCFBCF-F3B8-4DC6-94B6-E197AD7E9A3E}.Debug|Any CPU.ActiveCfg = Debug|Any CPU
		{7DBCFBCF-F3B8-4DC6-94B6-E197AD7E9A3E}.Debug|Any CPU.Build.0 = Debug|Any CPU
		{7DBCFBCF-F3B8-4DC6-94B6-E197AD7E9A3E}.Release|Any CPU.ActiveCfg = Release|Any CPU
		{7DBCFBCF-F3B8-4DC6-94B6-E197AD7E9A3E}.Release|Any CPU.Build.0 = Release|Any CPU
	EndGlobalSection
	GlobalSection(SolutionProperties) = preSolution
		HideSolutionNode = FALSE
	EndGlobalSection
	GlobalSection(NestedProjects) = preSolution
		{8CACC2FD-FFE3-423D-8458-1EBF5DC3E39A} = {0F3A59FA-EC70-4F1D-A042-3AE7D3ABB226}
		{8BDCC29D-3A4A-4F26-90E8-A3F9C10AB128} = {0F3A59FA-EC70-4F1D-A042-3AE7D3ABB226}
		{7DBCFBCF-F3B8-4DC6-94B6-E197AD7E9A3E} = {444BB11A-2229-4F5D-9752-D90B1F198438}
	EndGlobalSection
	GlobalSection(ExtensibilityGlobals) = postSolution
		SolutionGuid = {D8CFE0FC-7D5E-40F7-AE72-CE2508C56C3E}
	EndGlobalSection
EndGlobal
