
Microsoft Visual Studio Solution File, Format Version 12.00
# Visual Studio 14
VisualStudioVersion = 14.0.25420.1
MinimumVisualStudioVersion = 10.0.40219.1
Project("{FAE04EC0-301F-11D3-BF4B-00C04F79EFBC}") = "AuditoriasCiudadanas", "AuditoriasCiudadanas\AuditoriasCiudadanas.csproj", "{595E08DB-A61D-4A3F-A78A-A0B5BEA1A83D}"
EndProject
Project("{FAE04EC0-301F-11D3-BF4B-00C04F79EFBC}") = "AuditoriasCiudadanas.Api.Core", "AuditoriasCiudadanas.Api.Core\AuditoriasCiudadanas.Api.Core.csproj", "{8CACC2FD-FFE3-423D-8458-1EBF5DC3E39A}"
EndProject
Project("{FAE04EC0-301F-11D3-BF4B-00C04F79EFBC}") = "AuditoriasCiudadanas.Api", "AuditoriasCiudadanas.Api\AuditoriasCiudadanas.Api.csproj", "{8BDCC29D-3A4A-4F26-90E8-A3F9C10AB128}"
EndProject
Project("{9A19103F-16F7-4668-BE54-9A1E7A4F7556}") = "AuditoriasCiudadanas.Shared", "AuditoriasCiudadanas.Shared\AuditoriasCiudadanas.Shared.csproj", "{7DBCFBCF-F3B8-4DC6-94B6-E197AD7E9A3E}"
EndProject
Project("{2150E333-8FDC-42A3-9474-1A3956D46DE8}") = "WebServices", "WebServices", "{0F3A59FA-EC70-4F1D-A042-3AE7D3ABB226}"
EndProject
Project("{2150E333-8FDC-42A3-9474-1A3956D46DE8}") = "Shared", "Shared", "{444BB11A-2229-4F5D-9752-D90B1F198438}"
EndProject
Project("{2150E333-8FDC-42A3-9474-1A3956D46DE8}") = "Mobile", "Mobile", "{63C2E596-4D59-4226-9F96-EA29BC4564B4}"
EndProject
Project("{FAE04EC0-301F-11D3-BF4B-00C04F79EFBC}") = "AuditoriasCiudadanas.Mobile.Android", "AuditoriasCiudadanas.Mobile.Android\AuditoriasCiudadanas.Mobile.Android.csproj", "{DA41A8BE-E27E-4266-AF52-CF0A31112501}"
EndProject
Project("{FAE04EC0-301F-11D3-BF4B-00C04F79EFBC}") = "AuditoriasCiudadanas.Mobile.iOS", "AuditoriasCiudadanas.Mobile.iOS\AuditoriasCiudadanas.Mobile.iOS.csproj", "{167BCD2F-BD00-4435-BD13-A92187B424D2}"
EndProject
Project("{FAE04EC0-301F-11D3-BF4B-00C04F79EFBC}") = "AuditoriasCiudadanas.Mobile.Core", "AuditoriasCiudadanas.Mobile.Core\AuditoriasCiudadanas.Mobile.Core.csproj", "{F4F9F57C-513D-457B-92B8-3F53F16AC50C}"
EndProject
Global
	GlobalSection(SolutionConfigurationPlatforms) = preSolution
		Ad-Hoc|Any CPU = Ad-Hoc|Any CPU
		Ad-Hoc|iPhone = Ad-Hoc|iPhone
		Ad-Hoc|iPhoneSimulator = Ad-Hoc|iPhoneSimulator
		AppStore|Any CPU = AppStore|Any CPU
		AppStore|iPhone = AppStore|iPhone
		AppStore|iPhoneSimulator = AppStore|iPhoneSimulator
		Debug|Any CPU = Debug|Any CPU
		Debug|iPhone = Debug|iPhone
		Debug|iPhoneSimulator = Debug|iPhoneSimulator
		Release|Any CPU = Release|Any CPU
		Release|iPhone = Release|iPhone
		Release|iPhoneSimulator = Release|iPhoneSimulator
	EndGlobalSection
	GlobalSection(ProjectConfigurationPlatforms) = postSolution
		{595E08DB-A61D-4A3F-A78A-A0B5BEA1A83D}.Ad-Hoc|Any CPU.ActiveCfg = Release|Any CPU
		{595E08DB-A61D-4A3F-A78A-A0B5BEA1A83D}.Ad-Hoc|Any CPU.Build.0 = Release|Any CPU
		{595E08DB-A61D-4A3F-A78A-A0B5BEA1A83D}.Ad-Hoc|iPhone.ActiveCfg = Release|Any CPU
		{595E08DB-A61D-4A3F-A78A-A0B5BEA1A83D}.Ad-Hoc|iPhone.Build.0 = Release|Any CPU
		{595E08DB-A61D-4A3F-A78A-A0B5BEA1A83D}.Ad-Hoc|iPhoneSimulator.ActiveCfg = Release|Any CPU
		{595E08DB-A61D-4A3F-A78A-A0B5BEA1A83D}.Ad-Hoc|iPhoneSimulator.Build.0 = Release|Any CPU
		{595E08DB-A61D-4A3F-A78A-A0B5BEA1A83D}.AppStore|Any CPU.ActiveCfg = Release|Any CPU
		{595E08DB-A61D-4A3F-A78A-A0B5BEA1A83D}.AppStore|Any CPU.Build.0 = Release|Any CPU
		{595E08DB-A61D-4A3F-A78A-A0B5BEA1A83D}.AppStore|iPhone.ActiveCfg = Release|Any CPU
		{595E08DB-A61D-4A3F-A78A-A0B5BEA1A83D}.AppStore|iPhone.Build.0 = Release|Any CPU
		{595E08DB-A61D-4A3F-A78A-A0B5BEA1A83D}.AppStore|iPhoneSimulator.ActiveCfg = Release|Any CPU
		{595E08DB-A61D-4A3F-A78A-A0B5BEA1A83D}.AppStore|iPhoneSimulator.Build.0 = Release|Any CPU
		{595E08DB-A61D-4A3F-A78A-A0B5BEA1A83D}.Debug|Any CPU.ActiveCfg = Debug|Any CPU
		{595E08DB-A61D-4A3F-A78A-A0B5BEA1A83D}.Debug|Any CPU.Build.0 = Debug|Any CPU
		{595E08DB-A61D-4A3F-A78A-A0B5BEA1A83D}.Debug|iPhone.ActiveCfg = Debug|Any CPU
		{595E08DB-A61D-4A3F-A78A-A0B5BEA1A83D}.Debug|iPhone.Build.0 = Debug|Any CPU
		{595E08DB-A61D-4A3F-A78A-A0B5BEA1A83D}.Debug|iPhoneSimulator.ActiveCfg = Debug|Any CPU
		{595E08DB-A61D-4A3F-A78A-A0B5BEA1A83D}.Debug|iPhoneSimulator.Build.0 = Debug|Any CPU
		{595E08DB-A61D-4A3F-A78A-A0B5BEA1A83D}.Release|Any CPU.ActiveCfg = Release|Any CPU
		{595E08DB-A61D-4A3F-A78A-A0B5BEA1A83D}.Release|Any CPU.Build.0 = Release|Any CPU
		{595E08DB-A61D-4A3F-A78A-A0B5BEA1A83D}.Release|iPhone.ActiveCfg = Release|Any CPU
		{595E08DB-A61D-4A3F-A78A-A0B5BEA1A83D}.Release|iPhone.Build.0 = Release|Any CPU
		{595E08DB-A61D-4A3F-A78A-A0B5BEA1A83D}.Release|iPhoneSimulator.ActiveCfg = Release|Any CPU
		{595E08DB-A61D-4A3F-A78A-A0B5BEA1A83D}.Release|iPhoneSimulator.Build.0 = Release|Any CPU
		{8CACC2FD-FFE3-423D-8458-1EBF5DC3E39A}.Ad-Hoc|Any CPU.ActiveCfg = Release|Any CPU
		{8CACC2FD-FFE3-423D-8458-1EBF5DC3E39A}.Ad-Hoc|Any CPU.Build.0 = Release|Any CPU
		{8CACC2FD-FFE3-423D-8458-1EBF5DC3E39A}.Ad-Hoc|iPhone.ActiveCfg = Release|Any CPU
		{8CACC2FD-FFE3-423D-8458-1EBF5DC3E39A}.Ad-Hoc|iPhone.Build.0 = Release|Any CPU
		{8CACC2FD-FFE3-423D-8458-1EBF5DC3E39A}.Ad-Hoc|iPhoneSimulator.ActiveCfg = Release|Any CPU
		{8CACC2FD-FFE3-423D-8458-1EBF5DC3E39A}.Ad-Hoc|iPhoneSimulator.Build.0 = Release|Any CPU
		{8CACC2FD-FFE3-423D-8458-1EBF5DC3E39A}.AppStore|Any CPU.ActiveCfg = Release|Any CPU
		{8CACC2FD-FFE3-423D-8458-1EBF5DC3E39A}.AppStore|Any CPU.Build.0 = Release|Any CPU
		{8CACC2FD-FFE3-423D-8458-1EBF5DC3E39A}.AppStore|iPhone.ActiveCfg = Release|Any CPU
		{8CACC2FD-FFE3-423D-8458-1EBF5DC3E39A}.AppStore|iPhone.Build.0 = Release|Any CPU
		{8CACC2FD-FFE3-423D-8458-1EBF5DC3E39A}.AppStore|iPhoneSimulator.ActiveCfg = Release|Any CPU
		{8CACC2FD-FFE3-423D-8458-1EBF5DC3E39A}.AppStore|iPhoneSimulator.Build.0 = Release|Any CPU
		{8CACC2FD-FFE3-423D-8458-1EBF5DC3E39A}.Debug|Any CPU.ActiveCfg = Debug|Any CPU
		{8CACC2FD-FFE3-423D-8458-1EBF5DC3E39A}.Debug|Any CPU.Build.0 = Debug|Any CPU
		{8CACC2FD-FFE3-423D-8458-1EBF5DC3E39A}.Debug|iPhone.ActiveCfg = Debug|Any CPU
		{8CACC2FD-FFE3-423D-8458-1EBF5DC3E39A}.Debug|iPhone.Build.0 = Debug|Any CPU
		{8CACC2FD-FFE3-423D-8458-1EBF5DC3E39A}.Debug|iPhoneSimulator.ActiveCfg = Debug|Any CPU
		{8CACC2FD-FFE3-423D-8458-1EBF5DC3E39A}.Debug|iPhoneSimulator.Build.0 = Debug|Any CPU
		{8CACC2FD-FFE3-423D-8458-1EBF5DC3E39A}.Release|Any CPU.ActiveCfg = Release|Any CPU
		{8CACC2FD-FFE3-423D-8458-1EBF5DC3E39A}.Release|Any CPU.Build.0 = Release|Any CPU
		{8CACC2FD-FFE3-423D-8458-1EBF5DC3E39A}.Release|iPhone.ActiveCfg = Release|Any CPU
		{8CACC2FD-FFE3-423D-8458-1EBF5DC3E39A}.Release|iPhone.Build.0 = Release|Any CPU
		{8CACC2FD-FFE3-423D-8458-1EBF5DC3E39A}.Release|iPhoneSimulator.ActiveCfg = Release|Any CPU
		{8CACC2FD-FFE3-423D-8458-1EBF5DC3E39A}.Release|iPhoneSimulator.Build.0 = Release|Any CPU
		{8BDCC29D-3A4A-4F26-90E8-A3F9C10AB128}.Ad-Hoc|Any CPU.ActiveCfg = Release|Any CPU
		{8BDCC29D-3A4A-4F26-90E8-A3F9C10AB128}.Ad-Hoc|Any CPU.Build.0 = Release|Any CPU
		{8BDCC29D-3A4A-4F26-90E8-A3F9C10AB128}.Ad-Hoc|iPhone.ActiveCfg = Release|Any CPU
		{8BDCC29D-3A4A-4F26-90E8-A3F9C10AB128}.Ad-Hoc|iPhone.Build.0 = Release|Any CPU
		{8BDCC29D-3A4A-4F26-90E8-A3F9C10AB128}.Ad-Hoc|iPhoneSimulator.ActiveCfg = Release|Any CPU
		{8BDCC29D-3A4A-4F26-90E8-A3F9C10AB128}.Ad-Hoc|iPhoneSimulator.Build.0 = Release|Any CPU
		{8BDCC29D-3A4A-4F26-90E8-A3F9C10AB128}.AppStore|Any CPU.ActiveCfg = Release|Any CPU
		{8BDCC29D-3A4A-4F26-90E8-A3F9C10AB128}.AppStore|Any CPU.Build.0 = Release|Any CPU
		{8BDCC29D-3A4A-4F26-90E8-A3F9C10AB128}.AppStore|iPhone.ActiveCfg = Release|Any CPU
		{8BDCC29D-3A4A-4F26-90E8-A3F9C10AB128}.AppStore|iPhone.Build.0 = Release|Any CPU
		{8BDCC29D-3A4A-4F26-90E8-A3F9C10AB128}.AppStore|iPhoneSimulator.ActiveCfg = Release|Any CPU
		{8BDCC29D-3A4A-4F26-90E8-A3F9C10AB128}.AppStore|iPhoneSimulator.Build.0 = Release|Any CPU
		{8BDCC29D-3A4A-4F26-90E8-A3F9C10AB128}.Debug|Any CPU.ActiveCfg = Debug|Any CPU
		{8BDCC29D-3A4A-4F26-90E8-A3F9C10AB128}.Debug|Any CPU.Build.0 = Debug|Any CPU
		{8BDCC29D-3A4A-4F26-90E8-A3F9C10AB128}.Debug|iPhone.ActiveCfg = Debug|Any CPU
		{8BDCC29D-3A4A-4F26-90E8-A3F9C10AB128}.Debug|iPhone.Build.0 = Debug|Any CPU
		{8BDCC29D-3A4A-4F26-90E8-A3F9C10AB128}.Debug|iPhoneSimulator.ActiveCfg = Debug|Any CPU
		{8BDCC29D-3A4A-4F26-90E8-A3F9C10AB128}.Debug|iPhoneSimulator.Build.0 = Debug|Any CPU
		{8BDCC29D-3A4A-4F26-90E8-A3F9C10AB128}.Release|Any CPU.ActiveCfg = Release|Any CPU
		{8BDCC29D-3A4A-4F26-90E8-A3F9C10AB128}.Release|Any CPU.Build.0 = Release|Any CPU
		{8BDCC29D-3A4A-4F26-90E8-A3F9C10AB128}.Release|iPhone.ActiveCfg = Release|Any CPU
		{8BDCC29D-3A4A-4F26-90E8-A3F9C10AB128}.Release|iPhone.Build.0 = Release|Any CPU
		{8BDCC29D-3A4A-4F26-90E8-A3F9C10AB128}.Release|iPhoneSimulator.ActiveCfg = Release|Any CPU
		{8BDCC29D-3A4A-4F26-90E8-A3F9C10AB128}.Release|iPhoneSimulator.Build.0 = Release|Any CPU
		{7DBCFBCF-F3B8-4DC6-94B6-E197AD7E9A3E}.Ad-Hoc|Any CPU.ActiveCfg = Release|Any CPU
		{7DBCFBCF-F3B8-4DC6-94B6-E197AD7E9A3E}.Ad-Hoc|Any CPU.Build.0 = Release|Any CPU
		{7DBCFBCF-F3B8-4DC6-94B6-E197AD7E9A3E}.Ad-Hoc|iPhone.ActiveCfg = Release|Any CPU
		{7DBCFBCF-F3B8-4DC6-94B6-E197AD7E9A3E}.Ad-Hoc|iPhone.Build.0 = Release|Any CPU
		{7DBCFBCF-F3B8-4DC6-94B6-E197AD7E9A3E}.Ad-Hoc|iPhoneSimulator.ActiveCfg = Release|Any CPU
		{7DBCFBCF-F3B8-4DC6-94B6-E197AD7E9A3E}.Ad-Hoc|iPhoneSimulator.Build.0 = Release|Any CPU
		{7DBCFBCF-F3B8-4DC6-94B6-E197AD7E9A3E}.AppStore|Any CPU.ActiveCfg = Release|Any CPU
		{7DBCFBCF-F3B8-4DC6-94B6-E197AD7E9A3E}.AppStore|Any CPU.Build.0 = Release|Any CPU
		{7DBCFBCF-F3B8-4DC6-94B6-E197AD7E9A3E}.AppStore|iPhone.ActiveCfg = Release|Any CPU
		{7DBCFBCF-F3B8-4DC6-94B6-E197AD7E9A3E}.AppStore|iPhone.Build.0 = Release|Any CPU
		{7DBCFBCF-F3B8-4DC6-94B6-E197AD7E9A3E}.AppStore|iPhoneSimulator.ActiveCfg = Release|Any CPU
		{7DBCFBCF-F3B8-4DC6-94B6-E197AD7E9A3E}.AppStore|iPhoneSimulator.Build.0 = Release|Any CPU
		{7DBCFBCF-F3B8-4DC6-94B6-E197AD7E9A3E}.Debug|Any CPU.ActiveCfg = Debug|Any CPU
		{7DBCFBCF-F3B8-4DC6-94B6-E197AD7E9A3E}.Debug|Any CPU.Build.0 = Debug|Any CPU
		{7DBCFBCF-F3B8-4DC6-94B6-E197AD7E9A3E}.Debug|iPhone.ActiveCfg = Debug|Any CPU
		{7DBCFBCF-F3B8-4DC6-94B6-E197AD7E9A3E}.Debug|iPhone.Build.0 = Debug|Any CPU
		{7DBCFBCF-F3B8-4DC6-94B6-E197AD7E9A3E}.Debug|iPhoneSimulator.ActiveCfg = Debug|Any CPU
		{7DBCFBCF-F3B8-4DC6-94B6-E197AD7E9A3E}.Debug|iPhoneSimulator.Build.0 = Debug|Any CPU
		{7DBCFBCF-F3B8-4DC6-94B6-E197AD7E9A3E}.Release|Any CPU.ActiveCfg = Release|Any CPU
		{7DBCFBCF-F3B8-4DC6-94B6-E197AD7E9A3E}.Release|Any CPU.Build.0 = Release|Any CPU
		{7DBCFBCF-F3B8-4DC6-94B6-E197AD7E9A3E}.Release|iPhone.ActiveCfg = Release|Any CPU
		{7DBCFBCF-F3B8-4DC6-94B6-E197AD7E9A3E}.Release|iPhone.Build.0 = Release|Any CPU
		{7DBCFBCF-F3B8-4DC6-94B6-E197AD7E9A3E}.Release|iPhoneSimulator.ActiveCfg = Release|Any CPU
		{7DBCFBCF-F3B8-4DC6-94B6-E197AD7E9A3E}.Release|iPhoneSimulator.Build.0 = Release|Any CPU
		{DA41A8BE-E27E-4266-AF52-CF0A31112501}.Ad-Hoc|Any CPU.ActiveCfg = Release|Any CPU
		{DA41A8BE-E27E-4266-AF52-CF0A31112501}.Ad-Hoc|Any CPU.Build.0 = Release|Any CPU
		{DA41A8BE-E27E-4266-AF52-CF0A31112501}.Ad-Hoc|Any CPU.Deploy.0 = Release|Any CPU
		{DA41A8BE-E27E-4266-AF52-CF0A31112501}.Ad-Hoc|iPhone.ActiveCfg = Release|Any CPU
		{DA41A8BE-E27E-4266-AF52-CF0A31112501}.Ad-Hoc|iPhone.Build.0 = Release|Any CPU
		{DA41A8BE-E27E-4266-AF52-CF0A31112501}.Ad-Hoc|iPhone.Deploy.0 = Release|Any CPU
		{DA41A8BE-E27E-4266-AF52-CF0A31112501}.Ad-Hoc|iPhoneSimulator.ActiveCfg = Release|Any CPU
		{DA41A8BE-E27E-4266-AF52-CF0A31112501}.Ad-Hoc|iPhoneSimulator.Build.0 = Release|Any CPU
		{DA41A8BE-E27E-4266-AF52-CF0A31112501}.Ad-Hoc|iPhoneSimulator.Deploy.0 = Release|Any CPU
		{DA41A8BE-E27E-4266-AF52-CF0A31112501}.AppStore|Any CPU.ActiveCfg = Release|Any CPU
		{DA41A8BE-E27E-4266-AF52-CF0A31112501}.AppStore|Any CPU.Build.0 = Release|Any CPU
		{DA41A8BE-E27E-4266-AF52-CF0A31112501}.AppStore|Any CPU.Deploy.0 = Release|Any CPU
		{DA41A8BE-E27E-4266-AF52-CF0A31112501}.AppStore|iPhone.ActiveCfg = Release|Any CPU
		{DA41A8BE-E27E-4266-AF52-CF0A31112501}.AppStore|iPhone.Build.0 = Release|Any CPU
		{DA41A8BE-E27E-4266-AF52-CF0A31112501}.AppStore|iPhone.Deploy.0 = Release|Any CPU
		{DA41A8BE-E27E-4266-AF52-CF0A31112501}.AppStore|iPhoneSimulator.ActiveCfg = Release|Any CPU
		{DA41A8BE-E27E-4266-AF52-CF0A31112501}.AppStore|iPhoneSimulator.Build.0 = Release|Any CPU
		{DA41A8BE-E27E-4266-AF52-CF0A31112501}.AppStore|iPhoneSimulator.Deploy.0 = Release|Any CPU
		{DA41A8BE-E27E-4266-AF52-CF0A31112501}.Debug|Any CPU.ActiveCfg = Debug|Any CPU
		{DA41A8BE-E27E-4266-AF52-CF0A31112501}.Debug|Any CPU.Build.0 = Debug|Any CPU
		{DA41A8BE-E27E-4266-AF52-CF0A31112501}.Debug|Any CPU.Deploy.0 = Debug|Any CPU
		{DA41A8BE-E27E-4266-AF52-CF0A31112501}.Debug|iPhone.ActiveCfg = Debug|Any CPU
		{DA41A8BE-E27E-4266-AF52-CF0A31112501}.Debug|iPhone.Build.0 = Debug|Any CPU
		{DA41A8BE-E27E-4266-AF52-CF0A31112501}.Debug|iPhone.Deploy.0 = Debug|Any CPU
		{DA41A8BE-E27E-4266-AF52-CF0A31112501}.Debug|iPhoneSimulator.ActiveCfg = Debug|Any CPU
		{DA41A8BE-E27E-4266-AF52-CF0A31112501}.Debug|iPhoneSimulator.Build.0 = Debug|Any CPU
		{DA41A8BE-E27E-4266-AF52-CF0A31112501}.Debug|iPhoneSimulator.Deploy.0 = Debug|Any CPU
		{DA41A8BE-E27E-4266-AF52-CF0A31112501}.Release|Any CPU.ActiveCfg = Release|Any CPU
		{DA41A8BE-E27E-4266-AF52-CF0A31112501}.Release|Any CPU.Build.0 = Release|Any CPU
		{DA41A8BE-E27E-4266-AF52-CF0A31112501}.Release|Any CPU.Deploy.0 = Release|Any CPU
		{DA41A8BE-E27E-4266-AF52-CF0A31112501}.Release|iPhone.ActiveCfg = Release|Any CPU
		{DA41A8BE-E27E-4266-AF52-CF0A31112501}.Release|iPhone.Build.0 = Release|Any CPU
		{DA41A8BE-E27E-4266-AF52-CF0A31112501}.Release|iPhone.Deploy.0 = Release|Any CPU
		{DA41A8BE-E27E-4266-AF52-CF0A31112501}.Release|iPhoneSimulator.ActiveCfg = Release|Any CPU
		{DA41A8BE-E27E-4266-AF52-CF0A31112501}.Release|iPhoneSimulator.Build.0 = Release|Any CPU
		{DA41A8BE-E27E-4266-AF52-CF0A31112501}.Release|iPhoneSimulator.Deploy.0 = Release|Any CPU
		{167BCD2F-BD00-4435-BD13-A92187B424D2}.Ad-Hoc|Any CPU.ActiveCfg = Ad-Hoc|iPhone
		{167BCD2F-BD00-4435-BD13-A92187B424D2}.Ad-Hoc|iPhone.ActiveCfg = Ad-Hoc|iPhone
		{167BCD2F-BD00-4435-BD13-A92187B424D2}.Ad-Hoc|iPhone.Build.0 = Ad-Hoc|iPhone
		{167BCD2F-BD00-4435-BD13-A92187B424D2}.Ad-Hoc|iPhoneSimulator.ActiveCfg = Ad-Hoc|iPhoneSimulator
		{167BCD2F-BD00-4435-BD13-A92187B424D2}.Ad-Hoc|iPhoneSimulator.Build.0 = Ad-Hoc|iPhoneSimulator
		{167BCD2F-BD00-4435-BD13-A92187B424D2}.AppStore|Any CPU.ActiveCfg = AppStore|iPhone
		{167BCD2F-BD00-4435-BD13-A92187B424D2}.AppStore|iPhone.ActiveCfg = AppStore|iPhone
		{167BCD2F-BD00-4435-BD13-A92187B424D2}.AppStore|iPhone.Build.0 = AppStore|iPhone
		{167BCD2F-BD00-4435-BD13-A92187B424D2}.AppStore|iPhoneSimulator.ActiveCfg = AppStore|iPhoneSimulator
		{167BCD2F-BD00-4435-BD13-A92187B424D2}.AppStore|iPhoneSimulator.Build.0 = AppStore|iPhoneSimulator
		{167BCD2F-BD00-4435-BD13-A92187B424D2}.Debug|Any CPU.ActiveCfg = Debug|iPhone
		{167BCD2F-BD00-4435-BD13-A92187B424D2}.Debug|iPhone.ActiveCfg = Debug|iPhone
		{167BCD2F-BD00-4435-BD13-A92187B424D2}.Debug|iPhone.Build.0 = Debug|iPhone
		{167BCD2F-BD00-4435-BD13-A92187B424D2}.Debug|iPhoneSimulator.ActiveCfg = Debug|iPhoneSimulator
		{167BCD2F-BD00-4435-BD13-A92187B424D2}.Debug|iPhoneSimulator.Build.0 = Debug|iPhoneSimulator
		{167BCD2F-BD00-4435-BD13-A92187B424D2}.Release|Any CPU.ActiveCfg = Release|iPhone
		{167BCD2F-BD00-4435-BD13-A92187B424D2}.Release|iPhone.ActiveCfg = Release|iPhone
		{167BCD2F-BD00-4435-BD13-A92187B424D2}.Release|iPhone.Build.0 = Release|iPhone
		{167BCD2F-BD00-4435-BD13-A92187B424D2}.Release|iPhoneSimulator.ActiveCfg = Release|iPhoneSimulator
		{167BCD2F-BD00-4435-BD13-A92187B424D2}.Release|iPhoneSimulator.Build.0 = Release|iPhoneSimulator
		{F4F9F57C-513D-457B-92B8-3F53F16AC50C}.Ad-Hoc|Any CPU.ActiveCfg = Debug|Any CPU
		{F4F9F57C-513D-457B-92B8-3F53F16AC50C}.Ad-Hoc|Any CPU.Build.0 = Debug|Any CPU
		{F4F9F57C-513D-457B-92B8-3F53F16AC50C}.Ad-Hoc|iPhone.ActiveCfg = Debug|Any CPU
		{F4F9F57C-513D-457B-92B8-3F53F16AC50C}.Ad-Hoc|iPhone.Build.0 = Debug|Any CPU
		{F4F9F57C-513D-457B-92B8-3F53F16AC50C}.Ad-Hoc|iPhoneSimulator.ActiveCfg = Debug|Any CPU
		{F4F9F57C-513D-457B-92B8-3F53F16AC50C}.Ad-Hoc|iPhoneSimulator.Build.0 = Debug|Any CPU
		{F4F9F57C-513D-457B-92B8-3F53F16AC50C}.AppStore|Any CPU.ActiveCfg = Debug|Any CPU
		{F4F9F57C-513D-457B-92B8-3F53F16AC50C}.AppStore|Any CPU.Build.0 = Debug|Any CPU
		{F4F9F57C-513D-457B-92B8-3F53F16AC50C}.AppStore|iPhone.ActiveCfg = Debug|Any CPU
		{F4F9F57C-513D-457B-92B8-3F53F16AC50C}.AppStore|iPhone.Build.0 = Debug|Any CPU
		{F4F9F57C-513D-457B-92B8-3F53F16AC50C}.AppStore|iPhoneSimulator.ActiveCfg = Debug|Any CPU
		{F4F9F57C-513D-457B-92B8-3F53F16AC50C}.AppStore|iPhoneSimulator.Build.0 = Debug|Any CPU
		{F4F9F57C-513D-457B-92B8-3F53F16AC50C}.Debug|Any CPU.ActiveCfg = Debug|Any CPU
		{F4F9F57C-513D-457B-92B8-3F53F16AC50C}.Debug|Any CPU.Build.0 = Debug|Any CPU
		{F4F9F57C-513D-457B-92B8-3F53F16AC50C}.Debug|iPhone.ActiveCfg = Debug|Any CPU
		{F4F9F57C-513D-457B-92B8-3F53F16AC50C}.Debug|iPhone.Build.0 = Debug|Any CPU
		{F4F9F57C-513D-457B-92B8-3F53F16AC50C}.Debug|iPhoneSimulator.ActiveCfg = Debug|Any CPU
		{F4F9F57C-513D-457B-92B8-3F53F16AC50C}.Debug|iPhoneSimulator.Build.0 = Debug|Any CPU
		{F4F9F57C-513D-457B-92B8-3F53F16AC50C}.Release|Any CPU.ActiveCfg = Release|Any CPU
		{F4F9F57C-513D-457B-92B8-3F53F16AC50C}.Release|Any CPU.Build.0 = Release|Any CPU
		{F4F9F57C-513D-457B-92B8-3F53F16AC50C}.Release|iPhone.ActiveCfg = Release|Any CPU
		{F4F9F57C-513D-457B-92B8-3F53F16AC50C}.Release|iPhone.Build.0 = Release|Any CPU
		{F4F9F57C-513D-457B-92B8-3F53F16AC50C}.Release|iPhoneSimulator.ActiveCfg = Release|Any CPU
		{F4F9F57C-513D-457B-92B8-3F53F16AC50C}.Release|iPhoneSimulator.Build.0 = Release|Any CPU
	EndGlobalSection
	GlobalSection(SolutionProperties) = preSolution
		HideSolutionNode = FALSE
	EndGlobalSection
	GlobalSection(NestedProjects) = preSolution
		{8CACC2FD-FFE3-423D-8458-1EBF5DC3E39A} = {0F3A59FA-EC70-4F1D-A042-3AE7D3ABB226}
		{8BDCC29D-3A4A-4F26-90E8-A3F9C10AB128} = {0F3A59FA-EC70-4F1D-A042-3AE7D3ABB226}
		{7DBCFBCF-F3B8-4DC6-94B6-E197AD7E9A3E} = {444BB11A-2229-4F5D-9752-D90B1F198438}
		{DA41A8BE-E27E-4266-AF52-CF0A31112501} = {63C2E596-4D59-4226-9F96-EA29BC4564B4}
		{167BCD2F-BD00-4435-BD13-A92187B424D2} = {63C2E596-4D59-4226-9F96-EA29BC4564B4}
		{F4F9F57C-513D-457B-92B8-3F53F16AC50C} = {63C2E596-4D59-4226-9F96-EA29BC4564B4}
	EndGlobalSection
	GlobalSection(ExtensibilityGlobals) = postSolution
		SolutionGuid = {D8CFE0FC-7D5E-40F7-AE72-CE2508C56C3E}
	EndGlobalSection
EndGlobal
